
Microsoft Visual Studio Solution File, Format Version 12.00
# Visual Studio Version 16
VisualStudioVersion = 16.0.31025.194
MinimumVisualStudioVersion = 10.0.40219.1
Project("{FAE04EC0-301F-11D3-BF4B-00C04F79EFBC}") = "Heranca", "Heranca\Heranca.csproj", "{6EE59DD0-A13F-428C-A220-28DC456E00D8}"
EndProject
Global
	GlobalSection(SolutionConfigurationPlatforms) = preSolution
		Debug|Any CPU = Debug|Any CPU
		Release|Any CPU = Release|Any CPU
	EndGlobalSection
	GlobalSection(ProjectConfigurationPlatforms) = postSolution
		{6EE59DD0-A13F-428C-A220-28DC456E00D8}.Debug|Any CPU.ActiveCfg = Debug|Any CPU
		{6EE59DD0-A13F-428C-A220-28DC456E00D8}.Debug|Any CPU.Build.0 = Debug|Any CPU
		{6EE59DD0-A13F-428C-A220-28DC456E00D8}.Release|Any CPU.ActiveCfg = Release|Any CPU
		{6EE59DD0-A13F-428C-A220-28DC456E00D8}.Release|Any CPU.Build.0 = Release|Any CPU
	EndGlobalSection
	GlobalSection(SolutionProperties) = preSolution
		HideSolutionNode = FALSE
	EndGlobalSection
	GlobalSection(ExtensibilityGlobals) = postSolution
		SolutionGuid = {89E4C9BB-F8A6-4BE6-BEF5-03D68F33017F}
	EndGlobalSection
EndGlobal
