
Microsoft Visual Studio Solution File, Format Version 12.00
# Visual Studio Version 16
VisualStudioVersion = 16.0.30907.101
MinimumVisualStudioVersion = 10.0.40219.1
Project("{FAE04EC0-301F-11D3-BF4B-00C04F79EFBC}") = "Encapsulamento", "Encapsulamento\Encapsulamento.csproj", "{DEF2F2C6-57E1-476B-85C5-74611512318D}"
EndProject
Global
	GlobalSection(SolutionConfigurationPlatforms) = preSolution
		Debug|Any CPU = Debug|Any CPU
		Release|Any CPU = Release|Any CPU
	EndGlobalSection
	GlobalSection(ProjectConfigurationPlatforms) = postSolution
		{DEF2F2C6-57E1-476B-85C5-74611512318D}.Debug|Any CPU.ActiveCfg = Debug|Any CPU
		{DEF2F2C6-57E1-476B-85C5-74611512318D}.Debug|Any CPU.Build.0 = Debug|Any CPU
		{DEF2F2C6-57E1-476B-85C5-74611512318D}.Release|Any CPU.ActiveCfg = Release|Any CPU
		{DEF2F2C6-57E1-476B-85C5-74611512318D}.Release|Any CPU.Build.0 = Release|Any CPU
	EndGlobalSection
	GlobalSection(SolutionProperties) = preSolution
		HideSolutionNode = FALSE
	EndGlobalSection
	GlobalSection(ExtensibilityGlobals) = postSolution
		SolutionGuid = {672D74C3-E9DC-4D6D-97CB-B19D073B53D2}
	EndGlobalSection
EndGlobal
