
Microsoft Visual Studio Solution File, Format Version 12.00
# Visual Studio Version 16
VisualStudioVersion = 16.0.31019.35
MinimumVisualStudioVersion = 10.0.40219.1
Project("{FAE04EC0-301F-11D3-BF4B-00C04F79EFBC}") = "Nullable", "Nullable\Nullable.csproj", "{EF27FE7B-A65F-4B0C-BEC4-C238CC6582AD}"
EndProject
Global
	GlobalSection(SolutionConfigurationPlatforms) = preSolution
		Debug|Any CPU = Debug|Any CPU
		Release|Any CPU = Release|Any CPU
	EndGlobalSection
	GlobalSection(ProjectConfigurationPlatforms) = postSolution
		{EF27FE7B-A65F-4B0C-BEC4-C238CC6582AD}.Debug|Any CPU.ActiveCfg = Debug|Any CPU
		{EF27FE7B-A65F-4B0C-BEC4-C238CC6582AD}.Debug|Any CPU.Build.0 = Debug|Any CPU
		{EF27FE7B-A65F-4B0C-BEC4-C238CC6582AD}.Release|Any CPU.ActiveCfg = Release|Any CPU
		{EF27FE7B-A65F-4B0C-BEC4-C238CC6582AD}.Release|Any CPU.Build.0 = Release|Any CPU
	EndGlobalSection
	GlobalSection(SolutionProperties) = preSolution
		HideSolutionNode = FALSE
	EndGlobalSection
	GlobalSection(ExtensibilityGlobals) = postSolution
		SolutionGuid = {DB15F59F-FF83-4204-8164-84B49E24B042}
	EndGlobalSection
EndGlobal
