
Microsoft Visual Studio Solution File, Format Version 12.00
# Visual Studio Version 16
VisualStudioVersion = 16.0.31019.35
MinimumVisualStudioVersion = 10.0.40219.1
Project("{FAE04EC0-301F-11D3-BF4B-00C04F79EFBC}") = "Foreach", "Foreach\Foreach.csproj", "{AE0C2A4A-A442-46E2-B2BD-A3E129BA1AEC}"
EndProject
Global
	GlobalSection(SolutionConfigurationPlatforms) = preSolution
		Debug|Any CPU = Debug|Any CPU
		Release|Any CPU = Release|Any CPU
	EndGlobalSection
	GlobalSection(ProjectConfigurationPlatforms) = postSolution
		{AE0C2A4A-A442-46E2-B2BD-A3E129BA1AEC}.Debug|Any CPU.ActiveCfg = Debug|Any CPU
		{AE0C2A4A-A442-46E2-B2BD-A3E129BA1AEC}.Debug|Any CPU.Build.0 = Debug|Any CPU
		{AE0C2A4A-A442-46E2-B2BD-A3E129BA1AEC}.Release|Any CPU.ActiveCfg = Release|Any CPU
		{AE0C2A4A-A442-46E2-B2BD-A3E129BA1AEC}.Release|Any CPU.Build.0 = Release|Any CPU
	EndGlobalSection
	GlobalSection(SolutionProperties) = preSolution
		HideSolutionNode = FALSE
	EndGlobalSection
	GlobalSection(ExtensibilityGlobals) = postSolution
		SolutionGuid = {F7AC34D8-D56A-440E-83A4-D2841B3BFEBE}
	EndGlobalSection
EndGlobal
