
Microsoft Visual Studio Solution File, Format Version 12.00
# Visual Studio Version 16
VisualStudioVersion = 16.0.31105.61
MinimumVisualStudioVersion = 10.0.40219.1
Project("{FAE04EC0-301F-11D3-BF4B-00C04F79EFBC}") = "FilesA186", "FilesA186.csproj", "{06018C26-F93E-410C-BDDD-2E76E5587FEF}"
EndProject
Global
	GlobalSection(SolutionConfigurationPlatforms) = preSolution
		Debug|Any CPU = Debug|Any CPU
		Release|Any CPU = Release|Any CPU
	EndGlobalSection
	GlobalSection(ProjectConfigurationPlatforms) = postSolution
		{06018C26-F93E-410C-BDDD-2E76E5587FEF}.Debug|Any CPU.ActiveCfg = Debug|Any CPU
		{06018C26-F93E-410C-BDDD-2E76E5587FEF}.Debug|Any CPU.Build.0 = Debug|Any CPU
		{06018C26-F93E-410C-BDDD-2E76E5587FEF}.Release|Any CPU.ActiveCfg = Release|Any CPU
		{06018C26-F93E-410C-BDDD-2E76E5587FEF}.Release|Any CPU.Build.0 = Release|Any CPU
	EndGlobalSection
	GlobalSection(SolutionProperties) = preSolution
		HideSolutionNode = FALSE
	EndGlobalSection
	GlobalSection(ExtensibilityGlobals) = postSolution
		SolutionGuid = {D4FF7215-5935-4CD5-96A5-CB951AAE8379}
	EndGlobalSection
EndGlobal
