
Microsoft Visual Studio Solution File, Format Version 12.00
# Visual Studio Version 16
VisualStudioVersion = 16.0.31019.35
MinimumVisualStudioVersion = 10.0.40219.1
Project("{FAE04EC0-301F-11D3-BF4B-00C04F79EFBC}") = "ExercicioMatrizesFixação", "ExercicioMatrizesFixação\ExercicioMatrizesFixação.csproj", "{50411AE6-9EEC-4243-BBE3-DAA66E7F9F19}"
EndProject
Global
	GlobalSection(SolutionConfigurationPlatforms) = preSolution
		Debug|Any CPU = Debug|Any CPU
		Release|Any CPU = Release|Any CPU
	EndGlobalSection
	GlobalSection(ProjectConfigurationPlatforms) = postSolution
		{50411AE6-9EEC-4243-BBE3-DAA66E7F9F19}.Debug|Any CPU.ActiveCfg = Debug|Any CPU
		{50411AE6-9EEC-4243-BBE3-DAA66E7F9F19}.Debug|Any CPU.Build.0 = Debug|Any CPU
		{50411AE6-9EEC-4243-BBE3-DAA66E7F9F19}.Release|Any CPU.ActiveCfg = Release|Any CPU
		{50411AE6-9EEC-4243-BBE3-DAA66E7F9F19}.Release|Any CPU.Build.0 = Release|Any CPU
	EndGlobalSection
	GlobalSection(SolutionProperties) = preSolution
		HideSolutionNode = FALSE
	EndGlobalSection
	GlobalSection(ExtensibilityGlobals) = postSolution
		SolutionGuid = {FB6A6877-F5EE-4389-9F82-BC3148AABC23}
	EndGlobalSection
EndGlobal
