
Microsoft Visual Studio Solution File, Format Version 12.00
# Visual Studio Version 16
VisualStudioVersion = 16.0.30907.101
MinimumVisualStudioVersion = 10.0.40219.1
Project("{FAE04EC0-301F-11D3-BF4B-00C04F79EFBC}") = "Excecoes", "Excecoes\Excecoes.csproj", "{4A6FF77E-49FE-409E-AE2C-2C4840777134}"
EndProject
Global
	GlobalSection(SolutionConfigurationPlatforms) = preSolution
		Debug|Any CPU = Debug|Any CPU
		Release|Any CPU = Release|Any CPU
	EndGlobalSection
	GlobalSection(ProjectConfigurationPlatforms) = postSolution
		{4A6FF77E-49FE-409E-AE2C-2C4840777134}.Debug|Any CPU.ActiveCfg = Debug|Any CPU
		{4A6FF77E-49FE-409E-AE2C-2C4840777134}.Debug|Any CPU.Build.0 = Debug|Any CPU
		{4A6FF77E-49FE-409E-AE2C-2C4840777134}.Release|Any CPU.ActiveCfg = Release|Any CPU
		{4A6FF77E-49FE-409E-AE2C-2C4840777134}.Release|Any CPU.Build.0 = Release|Any CPU
	EndGlobalSection
	GlobalSection(SolutionProperties) = preSolution
		HideSolutionNode = FALSE
	EndGlobalSection
	GlobalSection(ExtensibilityGlobals) = postSolution
		SolutionGuid = {2C48ACF2-830D-4950-9A01-B912BB4AC5A3}
	EndGlobalSection
EndGlobal
