
Microsoft Visual Studio Solution File, Format Version 12.00
# Visual Studio Version 16
VisualStudioVersion = 16.0.31105.61
MinimumVisualStudioVersion = 10.0.40219.1
Project("{9A19103F-16F7-4668-BE54-9A1E7A4F7556}") = "BlocoFinally_StreamReader", "BlocoFinally_StreamReader.csproj", "{838490C1-3767-440C-A702-F608801B6E60}"
EndProject
Global
	GlobalSection(SolutionConfigurationPlatforms) = preSolution
		Debug|Any CPU = Debug|Any CPU
		Release|Any CPU = Release|Any CPU
	EndGlobalSection
	GlobalSection(ProjectConfigurationPlatforms) = postSolution
		{838490C1-3767-440C-A702-F608801B6E60}.Debug|Any CPU.ActiveCfg = Debug|Any CPU
		{838490C1-3767-440C-A702-F608801B6E60}.Debug|Any CPU.Build.0 = Debug|Any CPU
		{838490C1-3767-440C-A702-F608801B6E60}.Release|Any CPU.ActiveCfg = Release|Any CPU
		{838490C1-3767-440C-A702-F608801B6E60}.Release|Any CPU.Build.0 = Release|Any CPU
	EndGlobalSection
	GlobalSection(SolutionProperties) = preSolution
		HideSolutionNode = FALSE
	EndGlobalSection
	GlobalSection(ExtensibilityGlobals) = postSolution
		SolutionGuid = {235CEEC1-9955-4895-904A-BEC3B8CF6C2E}
	EndGlobalSection
EndGlobal
