
Microsoft Visual Studio Solution File, Format Version 12.00
# Visual Studio Version 16
VisualStudioVersion = 16.0.31019.35
MinimumVisualStudioVersion = 10.0.40219.1
Project("{FAE04EC0-301F-11D3-BF4B-00C04F79EFBC}") = "AluguelQuarto", "AluguelQuarto\AluguelQuarto.csproj", "{055B4CC7-A501-41BB-B51B-82446814C5DA}"
EndProject
Global
	GlobalSection(SolutionConfigurationPlatforms) = preSolution
		Debug|Any CPU = Debug|Any CPU
		Release|Any CPU = Release|Any CPU
	EndGlobalSection
	GlobalSection(ProjectConfigurationPlatforms) = postSolution
		{055B4CC7-A501-41BB-B51B-82446814C5DA}.Debug|Any CPU.ActiveCfg = Debug|Any CPU
		{055B4CC7-A501-41BB-B51B-82446814C5DA}.Debug|Any CPU.Build.0 = Debug|Any CPU
		{055B4CC7-A501-41BB-B51B-82446814C5DA}.Release|Any CPU.ActiveCfg = Release|Any CPU
		{055B4CC7-A501-41BB-B51B-82446814C5DA}.Release|Any CPU.Build.0 = Release|Any CPU
	EndGlobalSection
	GlobalSection(SolutionProperties) = preSolution
		HideSolutionNode = FALSE
	EndGlobalSection
	GlobalSection(ExtensibilityGlobals) = postSolution
		SolutionGuid = {67B1CA65-0F8C-4549-A7EC-153243A57A63}
	EndGlobalSection
EndGlobal
